
Microsoft Visual Studio Solution File, Format Version 12.00
# Visual Studio Version 17
VisualStudioVersion = 17.13.35825.156
MinimumVisualStudioVersion = 10.0.40219.1
Project("{8BC9CEB8-8B4A-11D0-8D11-00A0C91BC942}") = "Lanes", "Lanes.vcxproj", "{1DB7D861-EEFD-49DC-A8E2-3FC2BD6AD49D}"
EndProject
Project("{8BC9CEB8-8B4A-11D0-8D11-00A0C91BC942}") = "UnitTests", "unit_tests\UnitTests.vcxproj", "{AED7F42F-139A-46BA-80FE-16E062EA1345}"
	ProjectSection(ProjectDependencies) = postProject
		{1DB7D861-EEFD-49DC-A8E2-3FC2BD6AD49D} = {1DB7D861-EEFD-49DC-A8E2-3FC2BD6AD49D}
		{4C40BD18-3BAB-46D7-8F14-602A6FBE5910} = {4C40BD18-3BAB-46D7-8F14-602A6FBE5910}
	EndProjectSection
EndProject
Project("{8BC9CEB8-8B4A-11D0-8D11-00A0C91BC942}") = "deep_userdata_example", "deep_userdata_example\deep_userdata_example.vcxproj", "{4C40BD18-3BAB-46D7-8F14-602A6FBE5910}"
	ProjectSection(ProjectDependencies) = postProject
		{1DB7D861-EEFD-49DC-A8E2-3FC2BD6AD49D} = {1DB7D861-EEFD-49DC-A8E2-3FC2BD6AD49D}
	EndProjectSection
EndProject
Global
	GlobalSection(SolutionConfigurationPlatforms) = preSolution
		Debug 5.1|Prospero = Debug 5.1|Prospero
		Debug 5.1|x64 = Debug 5.1|x64
		Debug 5.1|x86 = Debug 5.1|x86
		Debug 5.2|Prospero = Debug 5.2|Prospero
		Debug 5.2|x64 = Debug 5.2|x64
		Debug 5.2|x86 = Debug 5.2|x86
		Debug 5.3|Prospero = Debug 5.3|Prospero
		Debug 5.3|x64 = Debug 5.3|x64
		Debug 5.3|x86 = Debug 5.3|x86
		Debug 5.4|Prospero = Debug 5.4|Prospero
		Debug 5.4|x64 = Debug 5.4|x64
		Debug 5.4|x86 = Debug 5.4|x86
		Debug LuaJIT GIT|Prospero = Debug LuaJIT GIT|Prospero
		Debug LuaJIT GIT|x64 = Debug LuaJIT GIT|x64
		Debug LuaJIT GIT|x86 = Debug LuaJIT GIT|x86
		Debug MoonJIT|Prospero = Debug MoonJIT|Prospero
		Debug MoonJIT|x64 = Debug MoonJIT|x64
		Debug MoonJIT|x86 = Debug MoonJIT|x86
		Release 5.1|Prospero = Release 5.1|Prospero
		Release 5.1|x64 = Release 5.1|x64
		Release 5.1|x86 = Release 5.1|x86
		Release 5.2|Prospero = Release 5.2|Prospero
		Release 5.2|x64 = Release 5.2|x64
		Release 5.2|x86 = Release 5.2|x86
		Release 5.3|Prospero = Release 5.3|Prospero
		Release 5.3|x64 = Release 5.3|x64
		Release 5.3|x86 = Release 5.3|x86
		Release 5.4|Prospero = Release 5.4|Prospero
		Release 5.4|x64 = Release 5.4|x64
		Release 5.4|x86 = Release 5.4|x86
	EndGlobalSection
	GlobalSection(ProjectConfigurationPlatforms) = postSolution
		{1DB7D861-EEFD-49DC-A8E2-3FC2BD6AD49D}.Debug 5.1|Prospero.ActiveCfg = Debug LuaJIT GIT|Prospero
		{1DB7D861-EEFD-49DC-A8E2-3FC2BD6AD49D}.Debug 5.1|Prospero.Build.0 = Debug LuaJIT GIT|Prospero
		{1DB7D861-EEFD-49DC-A8E2-3FC2BD6AD49D}.Debug 5.1|x64.ActiveCfg = Debug 5.1|x64
		{1DB7D861-EEFD-49DC-A8E2-3FC2BD6AD49D}.Debug 5.1|x64.Build.0 = Debug 5.1|x64
		{1DB7D861-EEFD-49DC-A8E2-3FC2BD6AD49D}.Debug 5.1|x86.ActiveCfg = Debug 5.1|Win32
		{1DB7D861-EEFD-49DC-A8E2-3FC2BD6AD49D}.Debug 5.1|x86.Build.0 = Debug 5.1|Win32
		{1DB7D861-EEFD-49DC-A8E2-3FC2BD6AD49D}.Debug 5.2|Prospero.ActiveCfg = Debug 5.2|Prospero
		{1DB7D861-EEFD-49DC-A8E2-3FC2BD6AD49D}.Debug 5.2|Prospero.Build.0 = Debug 5.2|Prospero
		{1DB7D861-EEFD-49DC-A8E2-3FC2BD6AD49D}.Debug 5.2|x64.ActiveCfg = Debug 5.2|x64
		{1DB7D861-EEFD-49DC-A8E2-3FC2BD6AD49D}.Debug 5.2|x64.Build.0 = Debug 5.2|x64
		{1DB7D861-EEFD-49DC-A8E2-3FC2BD6AD49D}.Debug 5.2|x86.ActiveCfg = Debug 5.2|Win32
		{1DB7D861-EEFD-49DC-A8E2-3FC2BD6AD49D}.Debug 5.2|x86.Build.0 = Debug 5.2|Win32
		{1DB7D861-EEFD-49DC-A8E2-3FC2BD6AD49D}.Debug 5.3|Prospero.ActiveCfg = Debug 5.3|Prospero
		{1DB7D861-EEFD-49DC-A8E2-3FC2BD6AD49D}.Debug 5.3|Prospero.Build.0 = Debug 5.3|Prospero
		{1DB7D861-EEFD-49DC-A8E2-3FC2BD6AD49D}.Debug 5.3|x64.ActiveCfg = Debug 5.3|x64
		{1DB7D861-EEFD-49DC-A8E2-3FC2BD6AD49D}.Debug 5.3|x64.Build.0 = Debug 5.3|x64
		{1DB7D861-EEFD-49DC-A8E2-3FC2BD6AD49D}.Debug 5.3|x86.ActiveCfg = Debug 5.3|Win32
		{1DB7D861-EEFD-49DC-A8E2-3FC2BD6AD49D}.Debug 5.3|x86.Build.0 = Debug 5.3|Win32
		{1DB7D861-EEFD-49DC-A8E2-3FC2BD6AD49D}.Debug 5.4|Prospero.ActiveCfg = Debug 5.4|Prospero
		{1DB7D861-EEFD-49DC-A8E2-3FC2BD6AD49D}.Debug 5.4|Prospero.Build.0 = Debug 5.4|Prospero
		{1DB7D861-EEFD-49DC-A8E2-3FC2BD6AD49D}.Debug 5.4|x64.ActiveCfg = Debug 5.4|x64
		{1DB7D861-EEFD-49DC-A8E2-3FC2BD6AD49D}.Debug 5.4|x64.Build.0 = Debug 5.4|x64
		{1DB7D861-EEFD-49DC-A8E2-3FC2BD6AD49D}.Debug 5.4|x86.ActiveCfg = Debug 5.4|Win32
		{1DB7D861-EEFD-49DC-A8E2-3FC2BD6AD49D}.Debug 5.4|x86.Build.0 = Debug 5.4|Win32
		{1DB7D861-EEFD-49DC-A8E2-3FC2BD6AD49D}.Debug LuaJIT GIT|Prospero.ActiveCfg = Debug LuaJIT GIT|Prospero
		{1DB7D861-EEFD-49DC-A8E2-3FC2BD6AD49D}.Debug LuaJIT GIT|Prospero.Build.0 = Debug LuaJIT GIT|Prospero
		{1DB7D861-EEFD-49DC-A8E2-3FC2BD6AD49D}.Debug LuaJIT GIT|x64.ActiveCfg = Debug LuaJIT GIT|x64
		{1DB7D861-EEFD-49DC-A8E2-3FC2BD6AD49D}.Debug LuaJIT GIT|x64.Build.0 = Debug LuaJIT GIT|x64
		{1DB7D861-EEFD-49DC-A8E2-3FC2BD6AD49D}.Debug LuaJIT GIT|x86.ActiveCfg = Debug LuaJIT GIT|Win32
		{1DB7D861-EEFD-49DC-A8E2-3FC2BD6AD49D}.Debug LuaJIT GIT|x86.Build.0 = Debug LuaJIT GIT|Win32
		{1DB7D861-EEFD-49DC-A8E2-3FC2BD6AD49D}.Debug MoonJIT|Prospero.ActiveCfg = Debug MoonJIT|Prospero
		{1DB7D861-EEFD-49DC-A8E2-3FC2BD6AD49D}.Debug MoonJIT|Prospero.Build.0 = Debug MoonJIT|Prospero
		{1DB7D861-EEFD-49DC-A8E2-3FC2BD6AD49D}.Debug MoonJIT|x64.ActiveCfg = Debug MoonJIT|x64
		{1DB7D861-EEFD-49DC-A8E2-3FC2BD6AD49D}.Debug MoonJIT|x64.Build.0 = Debug MoonJIT|x64
		{1DB7D861-EEFD-49DC-A8E2-3FC2BD6AD49D}.Debug MoonJIT|x86.ActiveCfg = Debug MoonJIT|Win32
		{1DB7D861-EEFD-49DC-A8E2-3FC2BD6AD49D}.Debug MoonJIT|x86.Build.0 = Debug MoonJIT|Win32
		{1DB7D861-EEFD-49DC-A8E2-3FC2BD6AD49D}.Release 5.1|Prospero.ActiveCfg = Release 5.1|Prospero
		{1DB7D861-EEFD-49DC-A8E2-3FC2BD6AD49D}.Release 5.1|Prospero.Build.0 = Release 5.1|Prospero
		{1DB7D861-EEFD-49DC-A8E2-3FC2BD6AD49D}.Release 5.1|x64.ActiveCfg = Release 5.1|x64
		{1DB7D861-EEFD-49DC-A8E2-3FC2BD6AD49D}.Release 5.1|x64.Build.0 = Release 5.1|x64
		{1DB7D861-EEFD-49DC-A8E2-3FC2BD6AD49D}.Release 5.1|x86.ActiveCfg = Release 5.1|Win32
		{1DB7D861-EEFD-49DC-A8E2-3FC2BD6AD49D}.Release 5.1|x86.Build.0 = Release 5.1|Win32
		{1DB7D861-EEFD-49DC-A8E2-3FC2BD6AD49D}.Release 5.2|Prospero.ActiveCfg = Release 5.2|Prospero
		{1DB7D861-EEFD-49DC-A8E2-3FC2BD6AD49D}.Release 5.2|Prospero.Build.0 = Release 5.2|Prospero
		{1DB7D861-EEFD-49DC-A8E2-3FC2BD6AD49D}.Release 5.2|x64.ActiveCfg = Release 5.2|x64
		{1DB7D861-EEFD-49DC-A8E2-3FC2BD6AD49D}.Release 5.2|x64.Build.0 = Release 5.2|x64
		{1DB7D861-EEFD-49DC-A8E2-3FC2BD6AD49D}.Release 5.2|x86.ActiveCfg = Release 5.2|Win32
		{1DB7D861-EEFD-49DC-A8E2-3FC2BD6AD49D}.Release 5.2|x86.Build.0 = Release 5.2|Win32
		{1DB7D861-EEFD-49DC-A8E2-3FC2BD6AD49D}.Release 5.3|Prospero.ActiveCfg = Release 5.3|Prospero
		{1DB7D861-EEFD-49DC-A8E2-3FC2BD6AD49D}.Release 5.3|Prospero.Build.0 = Release 5.3|Prospero
		{1DB7D861-EEFD-49DC-A8E2-3FC2BD6AD49D}.Release 5.3|x64.ActiveCfg = Release 5.3|x64
		{1DB7D861-EEFD-49DC-A8E2-3FC2BD6AD49D}.Release 5.3|x64.Build.0 = Release 5.3|x64
		{1DB7D861-EEFD-49DC-A8E2-3FC2BD6AD49D}.Release 5.3|x86.ActiveCfg = Release 5.3|Win32
		{1DB7D861-EEFD-49DC-A8E2-3FC2BD6AD49D}.Release 5.3|x86.Build.0 = Release 5.3|Win32
		{1DB7D861-EEFD-49DC-A8E2-3FC2BD6AD49D}.Release 5.4|Prospero.ActiveCfg = Release 5.4|Prospero
		{1DB7D861-EEFD-49DC-A8E2-3FC2BD6AD49D}.Release 5.4|Prospero.Build.0 = Release 5.4|Prospero
		{1DB7D861-EEFD-49DC-A8E2-3FC2BD6AD49D}.Release 5.4|x64.ActiveCfg = Release 5.4|x64
		{1DB7D861-EEFD-49DC-A8E2-3FC2BD6AD49D}.Release 5.4|x64.Build.0 = Release 5.4|x64
		{1DB7D861-EEFD-49DC-A8E2-3FC2BD6AD49D}.Release 5.4|x86.ActiveCfg = Release 5.4|Win32
		{1DB7D861-EEFD-49DC-A8E2-3FC2BD6AD49D}.Release 5.4|x86.Build.0 = Release 5.4|Win32
		{AED7F42F-139A-46BA-80FE-16E062EA1345}.Debug 5.1|Prospero.ActiveCfg = Debug 5.1|x64
		{AED7F42F-139A-46BA-80FE-16E062EA1345}.Debug 5.1|Prospero.Build.0 = Debug 5.1|x64
		{AED7F42F-139A-46BA-80FE-16E062EA1345}.Debug 5.1|x64.ActiveCfg = Debug 5.1|x64
		{AED7F42F-139A-46BA-80FE-16E062EA1345}.Debug 5.1|x64.Build.0 = Debug 5.1|x64
		{AED7F42F-139A-46BA-80FE-16E062EA1345}.Debug 5.1|x86.ActiveCfg = Debug 5.1|Win32
		{AED7F42F-139A-46BA-80FE-16E062EA1345}.Debug 5.1|x86.Build.0 = Debug 5.1|Win32
		{AED7F42F-139A-46BA-80FE-16E062EA1345}.Debug 5.2|Prospero.ActiveCfg = Debug 5.2|x64
		{AED7F42F-139A-46BA-80FE-16E062EA1345}.Debug 5.2|Prospero.Build.0 = Debug 5.2|x64
		{AED7F42F-139A-46BA-80FE-16E062EA1345}.Debug 5.2|x64.ActiveCfg = Debug 5.2|x64
		{AED7F42F-139A-46BA-80FE-16E062EA1345}.Debug 5.2|x64.Build.0 = Debug 5.2|x64
		{AED7F42F-139A-46BA-80FE-16E062EA1345}.Debug 5.2|x86.ActiveCfg = Debug 5.2|Win32
		{AED7F42F-139A-46BA-80FE-16E062EA1345}.Debug 5.2|x86.Build.0 = Debug 5.2|Win32
		{AED7F42F-139A-46BA-80FE-16E062EA1345}.Debug 5.3|Prospero.ActiveCfg = Debug 5.3|x64
		{AED7F42F-139A-46BA-80FE-16E062EA1345}.Debug 5.3|Prospero.Build.0 = Debug 5.3|x64
		{AED7F42F-139A-46BA-80FE-16E062EA1345}.Debug 5.3|x64.ActiveCfg = Debug 5.3|x64
		{AED7F42F-139A-46BA-80FE-16E062EA1345}.Debug 5.3|x64.Build.0 = Debug 5.3|x64
		{AED7F42F-139A-46BA-80FE-16E062EA1345}.Debug 5.3|x86.ActiveCfg = Debug 5.3|Win32
		{AED7F42F-139A-46BA-80FE-16E062EA1345}.Debug 5.3|x86.Build.0 = Debug 5.3|Win32
		{AED7F42F-139A-46BA-80FE-16E062EA1345}.Debug 5.4|Prospero.ActiveCfg = Debug 5.4|x64
		{AED7F42F-139A-46BA-80FE-16E062EA1345}.Debug 5.4|Prospero.Build.0 = Debug 5.4|x64
		{AED7F42F-139A-46BA-80FE-16E062EA1345}.Debug 5.4|x64.ActiveCfg = Debug 5.4|x64
		{AED7F42F-139A-46BA-80FE-16E062EA1345}.Debug 5.4|x64.Build.0 = Debug 5.4|x64
		{AED7F42F-139A-46BA-80FE-16E062EA1345}.Debug 5.4|x86.ActiveCfg = Debug 5.4|Win32
		{AED7F42F-139A-46BA-80FE-16E062EA1345}.Debug 5.4|x86.Build.0 = Debug 5.4|Win32
		{AED7F42F-139A-46BA-80FE-16E062EA1345}.Debug LuaJIT GIT|Prospero.ActiveCfg = Debug LuaJIT GIT|Prospero
		{AED7F42F-139A-46BA-80FE-16E062EA1345}.Debug LuaJIT GIT|Prospero.Build.0 = Debug LuaJIT GIT|Prospero
		{AED7F42F-139A-46BA-80FE-16E062EA1345}.Debug LuaJIT GIT|x64.ActiveCfg = Debug LuaJIT GIT|x64
		{AED7F42F-139A-46BA-80FE-16E062EA1345}.Debug LuaJIT GIT|x64.Build.0 = Debug LuaJIT GIT|x64
		{AED7F42F-139A-46BA-80FE-16E062EA1345}.Debug LuaJIT GIT|x86.ActiveCfg = Debug LuaJIT GIT|Win32
		{AED7F42F-139A-46BA-80FE-16E062EA1345}.Debug LuaJIT GIT|x86.Build.0 = Debug LuaJIT GIT|Win32
		{AED7F42F-139A-46BA-80FE-16E062EA1345}.Debug MoonJIT|Prospero.ActiveCfg = Release 5.4|x64
		{AED7F42F-139A-46BA-80FE-16E062EA1345}.Debug MoonJIT|Prospero.Build.0 = Release 5.4|x64
		{AED7F42F-139A-46BA-80FE-16E062EA1345}.Debug MoonJIT|x64.ActiveCfg = Debug MoonJIT|x64
		{AED7F42F-139A-46BA-80FE-16E062EA1345}.Debug MoonJIT|x64.Build.0 = Debug MoonJIT|x64
		{AED7F42F-139A-46BA-80FE-16E062EA1345}.Debug MoonJIT|x86.ActiveCfg = Debug MoonJIT|Win32
		{AED7F42F-139A-46BA-80FE-16E062EA1345}.Debug MoonJIT|x86.Build.0 = Debug MoonJIT|Win32
		{AED7F42F-139A-46BA-80FE-16E062EA1345}.Release 5.1|Prospero.ActiveCfg = Release 5.1|Prospero
		{AED7F42F-139A-46BA-80FE-16E062EA1345}.Release 5.1|Prospero.Build.0 = Release 5.1|Prospero
		{AED7F42F-139A-46BA-80FE-16E062EA1345}.Release 5.1|x64.ActiveCfg = Release 5.1|x64
		{AED7F42F-139A-46BA-80FE-16E062EA1345}.Release 5.1|x64.Build.0 = Release 5.1|x64
		{AED7F42F-139A-46BA-80FE-16E062EA1345}.Release 5.1|x86.ActiveCfg = Release 5.1|Win32
		{AED7F42F-139A-46BA-80FE-16E062EA1345}.Release 5.1|x86.Build.0 = Release 5.1|Win32
		{AED7F42F-139A-46BA-80FE-16E062EA1345}.Release 5.2|Prospero.ActiveCfg = Release 5.2|Prospero
		{AED7F42F-139A-46BA-80FE-16E062EA1345}.Release 5.2|Prospero.Build.0 = Release 5.2|Prospero
		{AED7F42F-139A-46BA-80FE-16E062EA1345}.Release 5.2|x64.ActiveCfg = Release 5.2|x64
		{AED7F42F-139A-46BA-80FE-16E062EA1345}.Release 5.2|x64.Build.0 = Release 5.2|x64
		{AED7F42F-139A-46BA-80FE-16E062EA1345}.Release 5.2|x86.ActiveCfg = Release 5.2|Win32
		{AED7F42F-139A-46BA-80FE-16E062EA1345}.Release 5.2|x86.Build.0 = Release 5.2|Win32
		{AED7F42F-139A-46BA-80FE-16E062EA1345}.Release 5.3|Prospero.ActiveCfg = Release 5.3|Prospero
		{AED7F42F-139A-46BA-80FE-16E062EA1345}.Release 5.3|Prospero.Build.0 = Release 5.3|Prospero
		{AED7F42F-139A-46BA-80FE-16E062EA1345}.Release 5.3|x64.ActiveCfg = Release 5.3|x64
		{AED7F42F-139A-46BA-80FE-16E062EA1345}.Release 5.3|x64.Build.0 = Release 5.3|x64
		{AED7F42F-139A-46BA-80FE-16E062EA1345}.Release 5.3|x86.ActiveCfg = Release 5.3|Win32
		{AED7F42F-139A-46BA-80FE-16E062EA1345}.Release 5.3|x86.Build.0 = Release 5.3|Win32
		{AED7F42F-139A-46BA-80FE-16E062EA1345}.Release 5.4|Prospero.ActiveCfg = Release 5.4|Prospero
		{AED7F42F-139A-46BA-80FE-16E062EA1345}.Release 5.4|Prospero.Build.0 = Release 5.4|Prospero
		{AED7F42F-139A-46BA-80FE-16E062EA1345}.Release 5.4|x64.ActiveCfg = Release 5.4|x64
		{AED7F42F-139A-46BA-80FE-16E062EA1345}.Release 5.4|x64.Build.0 = Release 5.4|x64
		{AED7F42F-139A-46BA-80FE-16E062EA1345}.Release 5.4|x86.ActiveCfg = Release 5.4|Win32
		{AED7F42F-139A-46BA-80FE-16E062EA1345}.Release 5.4|x86.Build.0 = Release 5.4|Win32
		{4C40BD18-3BAB-46D7-8F14-602A6FBE5910}.Debug 5.1|Prospero.ActiveCfg = Debug 5.1|Prospero
		{4C40BD18-3BAB-46D7-8F14-602A6FBE5910}.Debug 5.1|Prospero.Build.0 = Debug 5.1|Prospero
		{4C40BD18-3BAB-46D7-8F14-602A6FBE5910}.Debug 5.1|x64.ActiveCfg = Debug 5.1|x64
		{4C40BD18-3BAB-46D7-8F14-602A6FBE5910}.Debug 5.1|x64.Build.0 = Debug 5.1|x64
		{4C40BD18-3BAB-46D7-8F14-602A6FBE5910}.Debug 5.1|x86.ActiveCfg = Debug 5.1|Win32
		{4C40BD18-3BAB-46D7-8F14-602A6FBE5910}.Debug 5.1|x86.Build.0 = Debug 5.1|Win32
		{4C40BD18-3BAB-46D7-8F14-602A6FBE5910}.Debug 5.2|Prospero.ActiveCfg = Debug 5.2|Prospero
		{4C40BD18-3BAB-46D7-8F14-602A6FBE5910}.Debug 5.2|Prospero.Build.0 = Debug 5.2|Prospero
		{4C40BD18-3BAB-46D7-8F14-602A6FBE5910}.Debug 5.2|x64.ActiveCfg = Debug 5.2|x64
		{4C40BD18-3BAB-46D7-8F14-602A6FBE5910}.Debug 5.2|x64.Build.0 = Debug 5.2|x64
		{4C40BD18-3BAB-46D7-8F14-602A6FBE5910}.Debug 5.2|x86.ActiveCfg = Debug 5.2|Win32
		{4C40BD18-3BAB-46D7-8F14-602A6FBE5910}.Debug 5.2|x86.Build.0 = Debug 5.2|Win32
		{4C40BD18-3BAB-46D7-8F14-602A6FBE5910}.Debug 5.3|Prospero.ActiveCfg = Debug 5.3|Prospero
		{4C40BD18-3BAB-46D7-8F14-602A6FBE5910}.Debug 5.3|Prospero.Build.0 = Debug 5.3|Prospero
		{4C40BD18-3BAB-46D7-8F14-602A6FBE5910}.Debug 5.3|x64.ActiveCfg = Debug 5.3|x64
		{4C40BD18-3BAB-46D7-8F14-602A6FBE5910}.Debug 5.3|x64.Build.0 = Debug 5.3|x64
		{4C40BD18-3BAB-46D7-8F14-602A6FBE5910}.Debug 5.3|x86.ActiveCfg = Debug 5.3|Win32
		{4C40BD18-3BAB-46D7-8F14-602A6FBE5910}.Debug 5.3|x86.Build.0 = Debug 5.3|Win32
		{4C40BD18-3BAB-46D7-8F14-602A6FBE5910}.Debug 5.4|Prospero.ActiveCfg = Debug 5.4|Prospero
		{4C40BD18-3BAB-46D7-8F14-602A6FBE5910}.Debug 5.4|Prospero.Build.0 = Debug 5.4|Prospero
		{4C40BD18-3BAB-46D7-8F14-602A6FBE5910}.Debug 5.4|x64.ActiveCfg = Debug 5.4|x64
		{4C40BD18-3BAB-46D7-8F14-602A6FBE5910}.Debug 5.4|x64.Build.0 = Debug 5.4|x64
		{4C40BD18-3BAB-46D7-8F14-602A6FBE5910}.Debug 5.4|x86.ActiveCfg = Debug 5.4|Win32
		{4C40BD18-3BAB-46D7-8F14-602A6FBE5910}.Debug 5.4|x86.Build.0 = Debug 5.4|Win32
		{4C40BD18-3BAB-46D7-8F14-602A6FBE5910}.Debug LuaJIT GIT|Prospero.ActiveCfg = Debug LuaJIT GIT|Prospero
		{4C40BD18-3BAB-46D7-8F14-602A6FBE5910}.Debug LuaJIT GIT|Prospero.Build.0 = Debug LuaJIT GIT|Prospero
		{4C40BD18-3BAB-46D7-8F14-602A6FBE5910}.Debug LuaJIT GIT|x64.ActiveCfg = Debug LuaJIT GIT|x64
		{4C40BD18-3BAB-46D7-8F14-602A6FBE5910}.Debug LuaJIT GIT|x64.Build.0 = Debug LuaJIT GIT|x64
		{4C40BD18-3BAB-46D7-8F14-602A6FBE5910}.Debug LuaJIT GIT|x86.ActiveCfg = Debug LuaJIT GIT|Win32
		{4C40BD18-3BAB-46D7-8F14-602A6FBE5910}.Debug LuaJIT GIT|x86.Build.0 = Debug LuaJIT GIT|Win32
		{4C40BD18-3BAB-46D7-8F14-602A6FBE5910}.Debug MoonJIT|Prospero.ActiveCfg = Debug MoonJIT|Prospero
		{4C40BD18-3BAB-46D7-8F14-602A6FBE5910}.Debug MoonJIT|Prospero.Build.0 = Debug MoonJIT|Prospero
		{4C40BD18-3BAB-46D7-8F14-602A6FBE5910}.Debug MoonJIT|x64.ActiveCfg = Debug MoonJIT|x64
		{4C40BD18-3BAB-46D7-8F14-602A6FBE5910}.Debug MoonJIT|x64.Build.0 = Debug MoonJIT|x64
		{4C40BD18-3BAB-46D7-8F14-602A6FBE5910}.Debug MoonJIT|x86.ActiveCfg = Debug MoonJIT|Win32
		{4C40BD18-3BAB-46D7-8F14-602A6FBE5910}.Debug MoonJIT|x86.Build.0 = Debug MoonJIT|Win32
		{4C40BD18-3BAB-46D7-8F14-602A6FBE5910}.Release 5.1|Prospero.ActiveCfg = Release 5.1|Prospero
		{4C40BD18-3BAB-46D7-8F14-602A6FBE5910}.Release 5.1|Prospero.Build.0 = Release 5.1|Prospero
		{4C40BD18-3BAB-46D7-8F14-602A6FBE5910}.Release 5.1|x64.ActiveCfg = Release 5.1|x64
		{4C40BD18-3BAB-46D7-8F14-602A6FBE5910}.Release 5.1|x64.Build.0 = Release 5.1|x64
		{4C40BD18-3BAB-46D7-8F14-602A6FBE5910}.Release 5.1|x86.ActiveCfg = Release 5.1|Win32
		{4C40BD18-3BAB-46D7-8F14-602A6FBE5910}.Release 5.1|x86.Build.0 = Release 5.1|Win32
		{4C40BD18-3BAB-46D7-8F14-602A6FBE5910}.Release 5.2|Prospero.ActiveCfg = Release 5.2|Prospero
		{4C40BD18-3BAB-46D7-8F14-602A6FBE5910}.Release 5.2|Prospero.Build.0 = Release 5.2|Prospero
		{4C40BD18-3BAB-46D7-8F14-602A6FBE5910}.Release 5.2|x64.ActiveCfg = Release 5.2|x64
		{4C40BD18-3BAB-46D7-8F14-602A6FBE5910}.Release 5.2|x64.Build.0 = Release 5.2|x64
		{4C40BD18-3BAB-46D7-8F14-602A6FBE5910}.Release 5.2|x86.ActiveCfg = Release 5.2|Win32
		{4C40BD18-3BAB-46D7-8F14-602A6FBE5910}.Release 5.2|x86.Build.0 = Release 5.2|Win32
		{4C40BD18-3BAB-46D7-8F14-602A6FBE5910}.Release 5.3|Prospero.ActiveCfg = Release 5.3|Prospero
		{4C40BD18-3BAB-46D7-8F14-602A6FBE5910}.Release 5.3|Prospero.Build.0 = Release 5.3|Prospero
		{4C40BD18-3BAB-46D7-8F14-602A6FBE5910}.Release 5.3|x64.ActiveCfg = Release 5.3|x64
		{4C40BD18-3BAB-46D7-8F14-602A6FBE5910}.Release 5.3|x64.Build.0 = Release 5.3|x64
		{4C40BD18-3BAB-46D7-8F14-602A6FBE5910}.Release 5.3|x86.ActiveCfg = Release 5.3|Win32
		{4C40BD18-3BAB-46D7-8F14-602A6FBE5910}.Release 5.3|x86.Build.0 = Release 5.3|Win32
		{4C40BD18-3BAB-46D7-8F14-602A6FBE5910}.Release 5.4|Prospero.ActiveCfg = Release 5.4|Prospero
		{4C40BD18-3BAB-46D7-8F14-602A6FBE5910}.Release 5.4|Prospero.Build.0 = Release 5.4|Prospero
		{4C40BD18-3BAB-46D7-8F14-602A6FBE5910}.Release 5.4|x64.ActiveCfg = Release 5.4|x64
		{4C40BD18-3BAB-46D7-8F14-602A6FBE5910}.Release 5.4|x64.Build.0 = Release 5.4|x64
		{4C40BD18-3BAB-46D7-8F14-602A6FBE5910}.Release 5.4|x86.ActiveCfg = Release 5.4|Win32
		{4C40BD18-3BAB-46D7-8F14-602A6FBE5910}.Release 5.4|x86.Build.0 = Release 5.4|Win32
	EndGlobalSection
	GlobalSection(SolutionProperties) = preSolution
		HideSolutionNode = FALSE
	EndGlobalSection
	GlobalSection(ExtensibilityGlobals) = postSolution
		SolutionGuid = {C7613E72-FD9E-4965-830C-E66C77E656F7}
	EndGlobalSection
EndGlobal
